// !$*UTF8*$!
{
	archiveVersion = 1;
	classes = {
	};
	objectVersion = 46;
	objects = {

/* Begin PBXBuildFile section */
		9104D5FF1E89624D003A0793 /* AppDelegate.swift in Sources */ = {isa = PBXBuildFile; fileRef = 9104D5FE1E89624D003A0793 /* AppDelegate.swift */; };
		9104D6011E89624D003A0793 /* ViewController.swift in Sources */ = {isa = PBXBuildFile; fileRef = 9104D6001E89624D003A0793 /* ViewController.swift */; };
		9104D6041E89624D003A0793 /* Main.storyboard in Resources */ = {isa = PBXBuildFile; fileRef = 9104D6021E89624D003A0793 /* Main.storyboard */; };
		9104D6061E89624D003A0793 /* Assets.xcassets in Resources */ = {isa = PBXBuildFile; fileRef = 9104D6051E89624D003A0793 /* Assets.xcassets */; };
		9104D6091E89624D003A0793 /* LaunchScreen.storyboard in Resources */ = {isa = PBXBuildFile; fileRef = 9104D6071E89624D003A0793 /* LaunchScreen.storyboard */; };
		9104D6141E89624D003A0793 /* EzFlipTests.swift in Sources */ = {isa = PBXBuildFile; fileRef = 9104D6131E89624D003A0793 /* EzFlipTests.swift */; };
		9104D61F1E89624D003A0793 /* EzFlipUITests.swift in Sources */ = {isa = PBXBuildFile; fileRef = 9104D61E1E89624D003A0793 /* EzFlipUITests.swift */; };
/* End PBXBuildFile section */

/* Begin PBXContainerItemProxy section */
		9104D6101E89624D003A0793 /* PBXContainerItemProxy */ = {
			isa = PBXContainerItemProxy;
			containerPortal = 9104D5F31E89624D003A0793 /* Project object */;
			proxyType = 1;
			remoteGlobalIDString = 9104D5FA1E89624D003A0793;
			remoteInfo = EzFlip;
		};
		9104D61B1E89624D003A0793 /* PBXContainerItemProxy */ = {
			isa = PBXContainerItemProxy;
			containerPortal = 9104D5F31E89624D003A0793 /* Project object */;
			proxyType = 1;
			remoteGlobalIDString = 9104D5FA1E89624D003A0793;
			remoteInfo = EzFlip;
		};
/* End PBXContainerItemProxy section */

/* Begin PBXFileReference section */
		9104D5FB1E89624D003A0793 /* EzFlip.app */ = {isa = PBXFileReference; explicitFileType = wrapper.application; includeInIndex = 0; path = EzFlip.app; sourceTree = BUILT_PRODUCTS_DIR; };
		9104D5FE1E89624D003A0793 /* AppDelegate.swift */ = {isa = PBXFileReference; lastKnownFileType = sourcecode.swift; path = AppDelegate.swift; sourceTree = "<group>"; };
		9104D6001E89624D003A0793 /* ViewController.swift */ = {isa = PBXFileReference; lastKnownFileType = sourcecode.swift; path = ViewController.swift; sourceTree = "<group>"; };
		9104D6031E89624D003A0793 /* Base */ = {isa = PBXFileReference; lastKnownFileType = file.storyboard; name = Base; path = Base.lproj/Main.storyboard; sourceTree = "<group>"; };
		9104D6051E89624D003A0793 /* Assets.xcassets */ = {isa = PBXFileReference; lastKnownFileType = folder.assetcatalog; path = Assets.xcassets; sourceTree = "<group>"; };
		9104D6081E89624D003A0793 /* Base */ = {isa = PBXFileReference; lastKnownFileType = file.storyboard; name = Base; path = Base.lproj/LaunchScreen.storyboard; sourceTree = "<group>"; };
		9104D60A1E89624D003A0793 /* Info.plist */ = {isa = PBXFileReference; lastKnownFileType = text.plist.xml; path = Info.plist; sourceTree = "<group>"; };
		9104D60F1E89624D003A0793 /* EzFlipTests.xctest */ = {isa = PBXFileReference; explicitFileType = wrapper.cfbundle; includeInIndex = 0; path = EzFlipTests.xctest; sourceTree = BUILT_PRODUCTS_DIR; };
		9104D6131E89624D003A0793 /* EzFlipTests.swift */ = {isa = PBXFileReference; lastKnownFileType = sourcecode.swift; path = EzFlipTests.swift; sourceTree = "<group>"; };
		9104D6151E89624D003A0793 /* Info.plist */ = {isa = PBXFileReference; lastKnownFileType = text.plist.xml; path = Info.plist; sourceTree = "<group>"; };
		9104D61A1E89624D003A0793 /* EzFlipUITests.xctest */ = {isa = PBXFileReference; explicitFileType = wrapper.cfbundle; includeInIndex = 0; path = EzFlipUITests.xctest; sourceTree = BUILT_PRODUCTS_DIR; };
		9104D61E1E89624D003A0793 /* EzFlipUITests.swift */ = {isa = PBXFileReference; lastKnownFileType = sourcecode.swift; path = EzFlipUITests.swift; sourceTree = "<group>"; };
		9104D6201E89624D003A0793 /* Info.plist */ = {isa = PBXFileReference; lastKnownFileType = text.plist.xml; path = Info.plist; sourceTree = "<group>"; };
/* End PBXFileReference section */

/* Begin PBXFrameworksBuildPhase section */
		9104D5F81E89624D003A0793 /* Frameworks */ = {
			isa = PBXFrameworksBuildPhase;
			buildActionMask = 2147483647;
			files = (
			);
			runOnlyForDeploymentPostprocessing = 0;
		};
		9104D60C1E89624D003A0793 /* Frameworks */ = {
			isa = PBXFrameworksBuildPhase;
			buildActionMask = 2147483647;
			files = (
			);
			runOnlyForDeploymentPostprocessing = 0;
		};
		9104D6171E89624D003A0793 /* Frameworks */ = {
			isa = PBXFrameworksBuildPhase;
			buildActionMask = 2147483647;
			files = (
			);
			runOnlyForDeploymentPostprocessing = 0;
		};
/* End PBXFrameworksBuildPhase section */

/* Begin PBXGroup section */
		9104D5F21E89624D003A0793 = {
			isa = PBXGroup;
			children = (
				9104D5FD1E89624D003A0793 /* EzFlip */,
				9104D6121E89624D003A0793 /* EzFlipTests */,
				9104D61D1E89624D003A0793 /* EzFlipUITests */,
				9104D5FC1E89624D003A0793 /* Products */,
			);
			sourceTree = "<group>";
		};
		9104D5FC1E89624D003A0793 /* Products */ = {
			isa = PBXGroup;
			children = (
				9104D5FB1E89624D003A0793 /* EzFlip.app */,
				9104D60F1E89624D003A0793 /* EzFlipTests.xctest */,
				9104D61A1E89624D003A0793 /* EzFlipUITests.xctest */,
			);
			name = Products;
			sourceTree = "<group>";
		};
		9104D5FD1E89624D003A0793 /* EzFlip */ = {
			isa = PBXGroup;
			children = (
				9104D5FE1E89624D003A0793 /* AppDelegate.swift */,
				9104D6001E89624D003A0793 /* ViewController.swift */,
				9104D6021E89624D003A0793 /* Main.storyboard */,
				9104D6051E89624D003A0793 /* Assets.xcassets */,
				9104D6071E89624D003A0793 /* LaunchScreen.storyboard */,
				9104D60A1E89624D003A0793 /* Info.plist */,
			);
			path = EzFlip;
			sourceTree = "<group>";
		};
		9104D6121E89624D003A0793 /* EzFlipTests */ = {
			isa = PBXGroup;
			children = (
				9104D6131E89624D003A0793 /* EzFlipTests.swift */,
				9104D6151E89624D003A0793 /* Info.plist */,
			);
			path = EzFlipTests;
			sourceTree = "<group>";
		};
		9104D61D1E89624D003A0793 /* EzFlipUITests */ = {
			isa = PBXGroup;
			children = (
				9104D61E1E89624D003A0793 /* EzFlipUITests.swift */,
				9104D6201E89624D003A0793 /* Info.plist */,
			);
			path = EzFlipUITests;
			sourceTree = "<group>";
		};
/* End PBXGroup section */

/* Begin PBXNativeTarget section */
		9104D5FA1E89624D003A0793 /* EzFlip */ = {
			isa = PBXNativeTarget;
			buildConfigurationList = 9104D6231E89624D003A0793 /* Build configuration list for PBXNativeTarget "EzFlip" */;
			buildPhases = (
				9104D5F71E89624D003A0793 /* Sources */,
				9104D5F81E89624D003A0793 /* Frameworks */,
				9104D5F91E89624D003A0793 /* Resources */,
			);
			buildRules = (
			);
			dependencies = (
			);
			name = EzFlip;
			productName = EzFlip;
			productReference = 9104D5FB1E89624D003A0793 /* EzFlip.app */;
			productType = "com.apple.product-type.application";
		};
		9104D60E1E89624D003A0793 /* EzFlipTests */ = {
			isa = PBXNativeTarget;
			buildConfigurationList = 9104D6261E89624D003A0793 /* Build configuration list for PBXNativeTarget "EzFlipTests" */;
			buildPhases = (
				9104D60B1E89624D003A0793 /* Sources */,
				9104D60C1E89624D003A0793 /* Frameworks */,
				9104D60D1E89624D003A0793 /* Resources */,
			);
			buildRules = (
			);
			dependencies = (
				9104D6111E89624D003A0793 /* PBXTargetDependency */,
			);
			name = EzFlipTests;
			productName = EzFlipTests;
			productReference = 9104D60F1E89624D003A0793 /* EzFlipTests.xctest */;
			productType = "com.apple.product-type.bundle.unit-test";
		};
		9104D6191E89624D003A0793 /* EzFlipUITests */ = {
			isa = PBXNativeTarget;
			buildConfigurationList = 9104D6291E89624D003A0793 /* Build configuration list for PBXNativeTarget "EzFlipUITests" */;
			buildPhases = (
				9104D6161E89624D003A0793 /* Sources */,
				9104D6171E89624D003A0793 /* Frameworks */,
				9104D6181E89624D003A0793 /* Resources */,
			);
			buildRules = (
			);
			dependencies = (
				9104D61C1E89624D003A0793 /* PBXTargetDependency */,
			);
			name = EzFlipUITests;
			productName = EzFlipUITests;
			productReference = 9104D61A1E89624D003A0793 /* EzFlipUITests.xctest */;
			productType = "com.apple.product-type.bundle.ui-testing";
		};
/* End PBXNativeTarget section */

/* Begin PBXProject section */
		9104D5F31E89624D003A0793 /* Project object */ = {
			isa = PBXProject;
			attributes = {
				LastSwiftUpdateCheck = 0820;
				LastUpgradeCheck = 0820;
				TargetAttributes = {
					9104D5FA1E89624D003A0793 = {
						CreatedOnToolsVersion = 8.2;
						ProvisioningStyle = Automatic;
					};
					9104D60E1E89624D003A0793 = {
						CreatedOnToolsVersion = 8.2;
						ProvisioningStyle = Automatic;
						TestTargetID = 9104D5FA1E89624D003A0793;
					};
					9104D6191E89624D003A0793 = {
						CreatedOnToolsVersion = 8.2;
						ProvisioningStyle = Automatic;
						TestTargetID = 9104D5FA1E89624D003A0793;
					};
				};
			};
			buildConfigurationList = 9104D5F61E89624D003A0793 /* Build configuration list for PBXProject "EzFlip" */;
			compatibilityVersion = "Xcode 3.2";
			developmentRegion = English;
			hasScannedForEncodings = 0;
			knownRegions = (
				en,
				Base,
			);
			mainGroup = 9104D5F21E89624D003A0793;
			productRefGroup = 9104D5FC1E89624D003A0793 /* Products */;
			projectDirPath = "";
			projectRoot = "";
			targets = (
				9104D5FA1E89624D003A0793 /* EzFlip */,
				9104D60E1E89624D003A0793 /* EzFlipTests */,
				9104D6191E89624D003A0793 /* EzFlipUITests */,
			);
		};
/* End PBXProject section */

/* Begin PBXResourcesBuildPhase section */
		9104D5F91E89624D003A0793 /* Resources */ = {
			isa = PBXResourcesBuildPhase;
			buildActionMask = 2147483647;
			files = (
				9104D6091E89624D003A0793 /* LaunchScreen.storyboard in Resources */,
				9104D6061E89624D003A0793 /* Assets.xcassets in Resources */,
				9104D6041E89624D003A0793 /* Main.storyboard in Resources */,
			);
			runOnlyForDeploymentPostprocessing = 0;
		};
		9104D60D1E89624D003A0793 /* Resources */ = {
			isa = PBXResourcesBuildPhase;
			buildActionMask = 2147483647;
			files = (
			);
			runOnlyForDeploymentPostprocessing = 0;
		};
		9104D6181E89624D003A0793 /* Resources */ = {
			isa = PBXResourcesBuildPhase;
			buildActionMask = 2147483647;
			files = (
			);
			runOnlyForDeploymentPostprocessing = 0;
		};
/* End PBXResourcesBuildPhase section */

/* Begin PBXSourcesBuildPhase section */
		9104D5F71E89624D003A0793 /* Sources */ = {
			isa = PBXSourcesBuildPhase;
			buildActionMask = 2147483647;
			files = (
				9104D6011E89624D003A0793 /* ViewController.swift in Sources */,
				9104D5FF1E89624D003A0793 /* AppDelegate.swift in Sources */,
			);
			runOnlyForDeploymentPostprocessing = 0;
		};
		9104D60B1E89624D003A0793 /* Sources */ = {
			isa = PBXSourcesBuildPhase;
			buildActionMask = 2147483647;
			files = (
				9104D6141E89624D003A0793 /* EzFlipTests.swift in Sources */,
			);
			runOnlyForDeploymentPostprocessing = 0;
		};
		9104D6161E89624D003A0793 /* Sources */ = {
			isa = PBXSourcesBuildPhase;
			buildActionMask = 2147483647;
			files = (
				9104D61F1E89624D003A0793 /* EzFlipUITests.swift in Sources */,
			);
			runOnlyForDeploymentPostprocessing = 0;
		};
/* End PBXSourcesBuildPhase section */

/* Begin PBXTargetDependency section */
		9104D6111E89624D003A0793 /* PBXTargetDependency */ = {
			isa = PBXTargetDependency;
			target = 9104D5FA1E89624D003A0793 /* EzFlip */;
			targetProxy = 9104D6101E89624D003A0793 /* PBXContainerItemProxy */;
		};
		9104D61C1E89624D003A0793 /* PBXTargetDependency */ = {
			isa = PBXTargetDependency;
			target = 9104D5FA1E89624D003A0793 /* EzFlip */;
			targetProxy = 9104D61B1E89624D003A0793 /* PBXContainerItemProxy */;
		};
/* End PBXTargetDependency section */

/* Begin PBXVariantGroup section */
		9104D6021E89624D003A0793 /* Main.storyboard */ = {
			isa = PBXVariantGroup;
			children = (
				9104D6031E89624D003A0793 /* Base */,
			);
			name = Main.storyboard;
			sourceTree = "<group>";
		};
		9104D6071E89624D003A0793 /* LaunchScreen.storyboard */ = {
			isa = PBXVariantGroup;
			children = (
				9104D6081E89624D003A0793 /* Base */,
			);
			name = LaunchScreen.storyboard;
			sourceTree = "<group>";
		};
/* End PBXVariantGroup section */

/* Begin XCBuildConfiguration section */
		9104D6211E89624D003A0793 /* Debug */ = {
			isa = XCBuildConfiguration;
			buildSettings = {
				ALWAYS_SEARCH_USER_PATHS = NO;
				CLANG_ANALYZER_NONNULL = YES;
				CLANG_CXX_LANGUAGE_STANDARD = "gnu++0x";
				CLANG_CXX_LIBRARY = "libc++";
				CLANG_ENABLE_MODULES = YES;
				CLANG_ENABLE_OBJC_ARC = YES;
				CLANG_WARN_BOOL_CONVERSION = YES;
				CLANG_WARN_CONSTANT_CONVERSION = YES;
				CLANG_WARN_DIRECT_OBJC_ISA_USAGE = YES_ERROR;
				CLANG_WARN_DOCUMENTATION_COMMENTS = YES;
				CLANG_WARN_EMPTY_BODY = YES;
				CLANG_WARN_ENUM_CONVERSION = YES;
				CLANG_WARN_INFINITE_RECURSION = YES;
				CLANG_WARN_INT_CONVERSION = YES;
				CLANG_WARN_OBJC_ROOT_CLASS = YES_ERROR;
				CLANG_WARN_SUSPICIOUS_MOVE = YES;
				CLANG_WARN_UNREACHABLE_CODE = YES;
				CLANG_WARN__DUPLICATE_METHOD_MATCH = YES;
				"CODE_SIGN_IDENTITY[sdk=iphoneos*]" = "iPhone Developer";
				COPY_PHASE_STRIP = NO;
				DEBUG_INFORMATION_FORMAT = dwarf;
				ENABLE_STRICT_OBJC_MSGSEND = YES;
				ENABLE_TESTABILITY = YES;
				GCC_C_LANGUAGE_STANDARD = gnu99;
				GCC_DYNAMIC_NO_PIC = NO;
				GCC_NO_COMMON_BLOCKS = YES;
				GCC_OPTIMIZATION_LEVEL = 0;
				GCC_PREPROCESSOR_DEFINITIONS = (
					"DEBUG=1",
					"$(inherited)",
				);
				GCC_WARN_64_TO_32_BIT_CONVERSION = YES;
				GCC_WARN_ABOUT_RETURN_TYPE = YES_ERROR;
				GCC_WARN_UNDECLARED_SELECTOR = YES;
				GCC_WARN_UNINITIALIZED_AUTOS = YES_AGGRESSIVE;
				GCC_WARN_UNUSED_FUNCTION = YES;
				GCC_WARN_UNUSED_VARIABLE = YES;
				IPHONEOS_DEPLOYMENT_TARGET = 10.2;
				MTL_ENABLE_DEBUG_INFO = YES;
				ONLY_ACTIVE_ARCH = YES;
				SDKROOT = iphoneos;
				SWIFT_ACTIVE_COMPILATION_CONDITIONS = DEBUG;
				SWIFT_OPTIMIZATION_LEVEL = "-Onone";
				TARGETED_DEVICE_FAMILY = "1,2";
			};
			name = Debug;
		};
		9104D6221E89624D003A0793 /* Release */ = {
			isa = XCBuildConfiguration;
			buildSettings = {
				ALWAYS_SEARCH_USER_PATHS = NO;
				CLANG_ANALYZER_NONNULL = YES;
				CLANG_CXX_LANGUAGE_STANDARD = "gnu++0x";
				CLANG_CXX_LIBRARY = "libc++";
				CLANG_ENABLE_MODULES = YES;
				CLANG_ENABLE_OBJC_ARC = YES;
				CLANG_WARN_BOOL_CONVERSION = YES;
				CLANG_WARN_CONSTANT_CONVERSION = YES;
				CLANG_WARN_DIRECT_OBJC_ISA_USAGE = YES_ERROR;
				CLANG_WARN_DOCUMENTATION_COMMENTS = YES;
				CLANG_WARN_EMPTY_BODY = YES;
				CLANG_WARN_ENUM_CONVERSION = YES;
				CLANG_WARN_INFINITE_RECURSION = YES;
				CLANG_WARN_INT_CONVERSION = YES;
				CLANG_WARN_OBJC_ROOT_CLASS = YES_ERROR;
				CLANG_WARN_SUSPICIOUS_MOVE = YES;
				CLANG_WARN_UNREACHABLE_CODE = YES;
				CLANG_WARN__DUPLICATE_METHOD_MATCH = YES;
				"CODE_SIGN_IDENTITY[sdk=iphoneos*]" = "iPhone Developer";
				COPY_PHASE_STRIP = NO;
				DEBUG_INFORMATION_FORMAT = "dwarf-with-dsym";
				ENABLE_NS_ASSERTIONS = NO;
				ENABLE_STRICT_OBJC_MSGSEND = YES;
				GCC_C_LANGUAGE_STANDARD = gnu99;
				GCC_NO_COMMON_BLOCKS = YES;
				GCC_WARN_64_TO_32_BIT_CONVERSION = YES;
				GCC_WARN_ABOUT_RETURN_TYPE = YES_ERROR;
				GCC_WARN_UNDECLARED_SELECTOR = YES;
				GCC_WARN_UNINITIALIZED_AUTOS = YES_AGGRESSIVE;
				GCC_WARN_UNUSED_FUNCTION = YES;
				GCC_WARN_UNUSED_VARIABLE = YES;
				IPHONEOS_DEPLOYMENT_TARGET = 10.2;
				MTL_ENABLE_DEBUG_INFO = NO;
				SDKROOT = iphoneos;
				SWIFT_OPTIMIZATION_LEVEL = "-Owholemodule";
				TARGETED_DEVICE_FAMILY = "1,2";
				VALIDATE_PRODUCT = YES;
			};
			name = Release;
		};
		9104D6241E89624D003A0793 /* Debug */ = {
			isa = XCBuildConfiguration;
			buildSettings = {
				ASSETCATALOG_COMPILER_APPICON_NAME = AppIcon;
				INFOPLIST_FILE = EzFlip/Info.plist;
				LD_RUNPATH_SEARCH_PATHS = "$(inherited) @executable_path/Frameworks";
				PRODUCT_BUNDLE_IDENTIFIER = Tek4Fun.EzFlip;
				PRODUCT_NAME = "$(TARGET_NAME)";
				SWIFT_VERSION = 3.0;
			};
			name = Debug;
		};
		9104D6251E89624D003A0793 /* Release */ = {
			isa = XCBuildConfiguration;
			buildSettings = {
				ASSETCATALOG_COMPILER_APPICON_NAME = AppIcon;
				INFOPLIST_FILE = EzFlip/Info.plist;
				LD_RUNPATH_SEARCH_PATHS = "$(inherited) @executable_path/Frameworks";
				PRODUCT_BUNDLE_IDENTIFIER = Tek4Fun.EzFlip;
				PRODUCT_NAME = "$(TARGET_NAME)";
				SWIFT_VERSION = 3.0;
			};
			name = Release;
		};
		9104D6271E89624D003A0793 /* Debug */ = {
			isa = XCBuildConfiguration;
			buildSettings = {
				ALWAYS_EMBED_SWIFT_STANDARD_LIBRARIES = YES;
				BUNDLE_LOADER = "$(TEST_HOST)";
				INFOPLIST_FILE = EzFlipTests/Info.plist;
				LD_RUNPATH_SEARCH_PATHS = "$(inherited) @executable_path/Frameworks @loader_path/Frameworks";
				PRODUCT_BUNDLE_IDENTIFIER = Tek4Fun.EzFlipTests;
				PRODUCT_NAME = "$(TARGET_NAME)";
				SWIFT_VERSION = 3.0;
				TEST_HOST = "$(BUILT_PRODUCTS_DIR)/EzFlip.app/EzFlip";
			};
			name = Debug;
		};
		9104D6281E89624D003A0793 /* Release */ = {
			isa = XCBuildConfiguration;
			buildSettings = {
				ALWAYS_EMBED_SWIFT_STANDARD_LIBRARIES = YES;
				BUNDLE_LOADER = "$(TEST_HOST)";
				INFOPLIST_FILE = EzFlipTests/Info.plist;
				LD_RUNPATH_SEARCH_PATHS = "$(inherited) @executable_path/Frameworks @loader_path/Frameworks";
				PRODUCT_BUNDLE_IDENTIFIER = Tek4Fun.EzFlipTests;
				PRODUCT_NAME = "$(TARGET_NAME)";
				SWIFT_VERSION = 3.0;
				TEST_HOST = "$(BUILT_PRODUCTS_DIR)/EzFlip.app/EzFlip";
			};
			name = Release;
		};
		9104D62A1E89624D003A0793 /* Debug */ = {
			isa = XCBuildConfiguration;
			buildSettings = {
				ALWAYS_EMBED_SWIFT_STANDARD_LIBRARIES = YES;
				INFOPLIST_FILE = EzFlipUITests/Info.plist;
				LD_RUNPATH_SEARCH_PATHS = "$(inherited) @executable_path/Frameworks @loader_path/Frameworks";
				PRODUCT_BUNDLE_IDENTIFIER = Tek4Fun.EzFlipUITests;
				PRODUCT_NAME = "$(TARGET_NAME)";
				SWIFT_VERSION = 3.0;
				TEST_TARGET_NAME = EzFlip;
			};
			name = Debug;
		};
		9104D62B1E89624D003A0793 /* Release */ = {
			isa = XCBuildConfiguration;
			buildSettings = {
				ALWAYS_EMBED_SWIFT_STANDARD_LIBRARIES = YES;
				INFOPLIST_FILE = EzFlipUITests/Info.plist;
				LD_RUNPATH_SEARCH_PATHS = "$(inherited) @executable_path/Frameworks @loader_path/Frameworks";
				PRODUCT_BUNDLE_IDENTIFIER = Tek4Fun.EzFlipUITests;
				PRODUCT_NAME = "$(TARGET_NAME)";
				SWIFT_VERSION = 3.0;
				TEST_TARGET_NAME = EzFlip;
			};
			name = Release;
		};
/* End XCBuildConfiguration section */

/* Begin XCConfigurationList section */
		9104D5F61E89624D003A0793 /* Build configuration list for PBXProject "EzFlip" */ = {
			isa = XCConfigurationList;
			buildConfigurations = (
				9104D6211E89624D003A0793 /* Debug */,
				9104D6221E89624D003A0793 /* Release */,
			);
			defaultConfigurationIsVisible = 0;
			defaultConfigurationName = Release;
		};
		9104D6231E89624D003A0793 /* Build configuration list for PBXNativeTarget "EzFlip" */ = {
			isa = XCConfigurationList;
			buildConfigurations = (
				9104D6241E89624D003A0793 /* Debug */,
				9104D6251E89624D003A0793 /* Release */,
			);
			defaultConfigurationIsVisible = 0;
		};
		9104D6261E89624D003A0793 /* Build configuration list for PBXNativeTarget "EzFlipTests" */ = {
			isa = XCConfigurationList;
			buildConfigurations = (
				9104D6271E89624D003A0793 /* Debug */,
				9104D6281E89624D003A0793 /* Release */,
			);
			defaultConfigurationIsVisible = 0;
		};
		9104D6291E89624D003A0793 /* Build configuration list for PBXNativeTarget "EzFlipUITests" */ = {
			isa = XCConfigurationList;
			buildConfigurations = (
				9104D62A1E89624D003A0793 /* Debug */,
				9104D62B1E89624D003A0793 /* Release */,
			);
			defaultConfigurationIsVisible = 0;
		};
/* End XCConfigurationList section */
	};
	rootObject = 9104D5F31E89624D003A0793 /* Project object */;
}
